
Microsoft Visual Studio Solution File, Format Version 12.00
# Visual Studio 15
VisualStudioVersion = 15.0.27130.2036
MinimumVisualStudioVersion = 10.0.40219.1
Project("{9A19103F-16F7-4668-BE54-9A1E7A4F7556}") = "Teclyn.Core", "Teclyn.Core\Teclyn.Core.csproj", "{8F153B69-29DC-4AB7-B5C0-2D4A161F0209}"
EndProject
Project("{9A19103F-16F7-4668-BE54-9A1E7A4F7556}") = "Teclyn.Core.Tests", "Teclyn.Core.Tests\Teclyn.Core.Tests.csproj", "{3A8446D1-954C-45E2-B8E3-CA18CF71AA12}"
EndProject
Project("{FAE04EC0-301F-11D3-BF4B-00C04F79EFBC}") = "Teclyn.AspNetMvc", "Teclyn.AspNetMvc\Teclyn.AspNetMvc.csproj", "{0DD18C74-1C1C-4501-930A-1FEC0904F21E}"
EndProject
Project("{2150E333-8FDC-42A3-9474-1A3956D46DE8}") = "Samples", "Samples", "{51C1B0EF-728E-4AEA-BA30-BDB041B7A6BE}"
EndProject
Project("{FAE04EC0-301F-11D3-BF4B-00C04F79EFBC}") = "Teclyn.SampleCore", "Teclyn.SampleCore\Teclyn.SampleCore.csproj", "{A77A5FDF-184E-49E8-A401-D787E36A6DD3}"
EndProject
Project("{FAE04EC0-301F-11D3-BF4B-00C04F79EFBC}") = "Teclyn.SampleConsole", "Teclyn.SampleConsole\Teclyn.SampleConsole.csproj", "{E9AE6C94-A6A9-425F-8F81-5AF8C6DD2568}"
EndProject
Project("{FAE04EC0-301F-11D3-BF4B-00C04F79EFBC}") = "Teclyn.SampleMvc", "Teclyn.SampleMvc\Teclyn.SampleMvc.csproj", "{B560DB2B-3C77-4DCF-ADA0-F50970FDC53A}"
EndProject
Project("{2150E333-8FDC-42A3-9474-1A3956D46DE8}") = "Extensions", "Extensions", "{337DC634-E279-4F02-A9F4-234EAAD8F306}"
EndProject
Project("{FAE04EC0-301F-11D3-BF4B-00C04F79EFBC}") = "Teclyn.Mongodb", "Teclyn.Mongodb\Teclyn.Mongodb.csproj", "{F0A614D8-D26C-4EA5-97E2-A50356889938}"
EndProject
Project("{2150E333-8FDC-42A3-9474-1A3956D46DE8}") = "Blog", "Blog", "{89B86533-1AAA-4497-A771-A64E16F2B606}"
EndProject
Project("{9A19103F-16F7-4668-BE54-9A1E7A4F7556}") = "Teclyn.Sample.Blog.Core", "Teclyn.Sample.Blog.Core\Teclyn.Sample.Blog.Core.csproj", "{17EA8BA1-1479-457A-8060-D6F36B4FF566}"
EndProject
Project("{9A19103F-16F7-4668-BE54-9A1E7A4F7556}") = "Teclyn.Sample.Blog.Web", "Teclyn.Sample.Blog.Web\Teclyn.Sample.Blog.Web.csproj", "{C1519611-9DF1-40CB-BC87-B45C8AB8E6F5}"
EndProject
Project("{9A19103F-16F7-4668-BE54-9A1E7A4F7556}") = "Teclyn.AspNetCore", "Teclyn.AspNetCore\Teclyn.AspNetCore.csproj", "{79ADF15D-BF62-4E48-A958-1B988B7A5435}"
EndProject
Global
	GlobalSection(SolutionConfigurationPlatforms) = preSolution
		Debug|Any CPU = Debug|Any CPU
		Release|Any CPU = Release|Any CPU
	EndGlobalSection
	GlobalSection(ProjectConfigurationPlatforms) = postSolution
		{8F153B69-29DC-4AB7-B5C0-2D4A161F0209}.Debug|Any CPU.ActiveCfg = Debug|Any CPU
		{8F153B69-29DC-4AB7-B5C0-2D4A161F0209}.Debug|Any CPU.Build.0 = Debug|Any CPU
		{8F153B69-29DC-4AB7-B5C0-2D4A161F0209}.Release|Any CPU.ActiveCfg = Release|Any CPU
		{8F153B69-29DC-4AB7-B5C0-2D4A161F0209}.Release|Any CPU.Build.0 = Release|Any CPU
		{3A8446D1-954C-45E2-B8E3-CA18CF71AA12}.Debug|Any CPU.ActiveCfg = Debug|Any CPU
		{3A8446D1-954C-45E2-B8E3-CA18CF71AA12}.Debug|Any CPU.Build.0 = Debug|Any CPU
		{3A8446D1-954C-45E2-B8E3-CA18CF71AA12}.Release|Any CPU.ActiveCfg = Release|Any CPU
		{3A8446D1-954C-45E2-B8E3-CA18CF71AA12}.Release|Any CPU.Build.0 = Release|Any CPU
		{0DD18C74-1C1C-4501-930A-1FEC0904F21E}.Debug|Any CPU.ActiveCfg = Debug|Any CPU
		{0DD18C74-1C1C-4501-930A-1FEC0904F21E}.Debug|Any CPU.Build.0 = Debug|Any CPU
		{0DD18C74-1C1C-4501-930A-1FEC0904F21E}.Release|Any CPU.ActiveCfg = Release|Any CPU
		{0DD18C74-1C1C-4501-930A-1FEC0904F21E}.Release|Any CPU.Build.0 = Release|Any CPU
		{A77A5FDF-184E-49E8-A401-D787E36A6DD3}.Debug|Any CPU.ActiveCfg = Debug|Any CPU
		{A77A5FDF-184E-49E8-A401-D787E36A6DD3}.Debug|Any CPU.Build.0 = Debug|Any CPU
		{A77A5FDF-184E-49E8-A401-D787E36A6DD3}.Release|Any CPU.ActiveCfg = Release|Any CPU
		{A77A5FDF-184E-49E8-A401-D787E36A6DD3}.Release|Any CPU.Build.0 = Release|Any CPU
		{E9AE6C94-A6A9-425F-8F81-5AF8C6DD2568}.Debug|Any CPU.ActiveCfg = Debug|Any CPU
		{E9AE6C94-A6A9-425F-8F81-5AF8C6DD2568}.Debug|Any CPU.Build.0 = Debug|Any CPU
		{E9AE6C94-A6A9-425F-8F81-5AF8C6DD2568}.Release|Any CPU.ActiveCfg = Release|Any CPU
		{E9AE6C94-A6A9-425F-8F81-5AF8C6DD2568}.Release|Any CPU.Build.0 = Release|Any CPU
		{B560DB2B-3C77-4DCF-ADA0-F50970FDC53A}.Debug|Any CPU.ActiveCfg = Debug|Any CPU
		{B560DB2B-3C77-4DCF-ADA0-F50970FDC53A}.Debug|Any CPU.Build.0 = Debug|Any CPU
		{B560DB2B-3C77-4DCF-ADA0-F50970FDC53A}.Release|Any CPU.ActiveCfg = Release|Any CPU
		{B560DB2B-3C77-4DCF-ADA0-F50970FDC53A}.Release|Any CPU.Build.0 = Release|Any CPU
		{F0A614D8-D26C-4EA5-97E2-A50356889938}.Debug|Any CPU.ActiveCfg = Debug|Any CPU
		{F0A614D8-D26C-4EA5-97E2-A50356889938}.Debug|Any CPU.Build.0 = Debug|Any CPU
		{F0A614D8-D26C-4EA5-97E2-A50356889938}.Release|Any CPU.ActiveCfg = Release|Any CPU
		{F0A614D8-D26C-4EA5-97E2-A50356889938}.Release|Any CPU.Build.0 = Release|Any CPU
		{17EA8BA1-1479-457A-8060-D6F36B4FF566}.Debug|Any CPU.ActiveCfg = Debug|Any CPU
		{17EA8BA1-1479-457A-8060-D6F36B4FF566}.Debug|Any CPU.Build.0 = Debug|Any CPU
		{17EA8BA1-1479-457A-8060-D6F36B4FF566}.Release|Any CPU.ActiveCfg = Release|Any CPU
		{17EA8BA1-1479-457A-8060-D6F36B4FF566}.Release|Any CPU.Build.0 = Release|Any CPU
		{C1519611-9DF1-40CB-BC87-B45C8AB8E6F5}.Debug|Any CPU.ActiveCfg = Debug|Any CPU
		{C1519611-9DF1-40CB-BC87-B45C8AB8E6F5}.Debug|Any CPU.Build.0 = Debug|Any CPU
		{C1519611-9DF1-40CB-BC87-B45C8AB8E6F5}.Release|Any CPU.ActiveCfg = Release|Any CPU
		{C1519611-9DF1-40CB-BC87-B45C8AB8E6F5}.Release|Any CPU.Build.0 = Release|Any CPU
		{79ADF15D-BF62-4E48-A958-1B988B7A5435}.Debug|Any CPU.ActiveCfg = Debug|Any CPU
		{79ADF15D-BF62-4E48-A958-1B988B7A5435}.Debug|Any CPU.Build.0 = Debug|Any CPU
		{79ADF15D-BF62-4E48-A958-1B988B7A5435}.Release|Any CPU.ActiveCfg = Release|Any CPU
		{79ADF15D-BF62-4E48-A958-1B988B7A5435}.Release|Any CPU.Build.0 = Release|Any CPU
	EndGlobalSection
	GlobalSection(SolutionProperties) = preSolution
		HideSolutionNode = FALSE
	EndGlobalSection
	GlobalSection(NestedProjects) = preSolution
		{0DD18C74-1C1C-4501-930A-1FEC0904F21E} = {337DC634-E279-4F02-A9F4-234EAAD8F306}
		{A77A5FDF-184E-49E8-A401-D787E36A6DD3} = {51C1B0EF-728E-4AEA-BA30-BDB041B7A6BE}
		{E9AE6C94-A6A9-425F-8F81-5AF8C6DD2568} = {51C1B0EF-728E-4AEA-BA30-BDB041B7A6BE}
		{B560DB2B-3C77-4DCF-ADA0-F50970FDC53A} = {51C1B0EF-728E-4AEA-BA30-BDB041B7A6BE}
		{F0A614D8-D26C-4EA5-97E2-A50356889938} = {337DC634-E279-4F02-A9F4-234EAAD8F306}
		{89B86533-1AAA-4497-A771-A64E16F2B606} = {51C1B0EF-728E-4AEA-BA30-BDB041B7A6BE}
		{17EA8BA1-1479-457A-8060-D6F36B4FF566} = {89B86533-1AAA-4497-A771-A64E16F2B606}
		{C1519611-9DF1-40CB-BC87-B45C8AB8E6F5} = {89B86533-1AAA-4497-A771-A64E16F2B606}
		{79ADF15D-BF62-4E48-A958-1B988B7A5435} = {337DC634-E279-4F02-A9F4-234EAAD8F306}
	EndGlobalSection
	GlobalSection(ExtensibilityGlobals) = postSolution
		SolutionGuid = {2881BE45-85BB-464F-BD1E-2FAF92F711F8}
	EndGlobalSection
EndGlobal
